
Microsoft Visual Studio Solution File, Format Version 12.00
# Visual Studio 2013
Project("{FAE04EC0-301F-11D3-BF4B-00C04F79EFBC}") = "UnityVS.BlockGame.CSharp.Plugins", "UnityVS.BlockGame.CSharp.Plugins.csproj", "{E6CCE30F-3D88-578B-501D-579F443B346F}"
EndProject
Project("{FAE04EC0-301F-11D3-BF4B-00C04F79EFBC}") = "UnityVS.BlockGame.CSharp.Editor", "UnityVS.BlockGame.CSharp.Editor.csproj", "{DA657785-2146-629B-7036-1299145218E4}"
EndProject
Project("{FAE04EC0-301F-11D3-BF4B-00C04F79EFBC}") = "UnityVS.BlockGame.CSharp", "UnityVS.BlockGame.CSharp.csproj", "{D7AF0C18-20A8-06DB-CB63-CDBAE9EFA873}"
EndProject
Global
	GlobalSection(SolutionConfigurationPlatforms) = preSolution
		Debug|Any CPU = Debug|Any CPU
		Release|Any CPU = Release|Any CPU
	EndGlobalSection
	GlobalSection(ProjectConfigurationPlatforms) = postSolution
		{E6CCE30F-3D88-578B-501D-579F443B346F}.Debug|Any CPU.ActiveCfg = Debug|Any CPU
		{E6CCE30F-3D88-578B-501D-579F443B346F}.Debug|Any CPU.Build.0 = Debug|Any CPU
		{E6CCE30F-3D88-578B-501D-579F443B346F}.Release|Any CPU.ActiveCfg = Release|Any CPU
		{E6CCE30F-3D88-578B-501D-579F443B346F}.Release|Any CPU.Build.0 = Release|Any CPU
		{DA657785-2146-629B-7036-1299145218E4}.Debug|Any CPU.ActiveCfg = Debug|Any CPU
		{DA657785-2146-629B-7036-1299145218E4}.Debug|Any CPU.Build.0 = Debug|Any CPU
		{DA657785-2146-629B-7036-1299145218E4}.Release|Any CPU.ActiveCfg = Release|Any CPU
		{DA657785-2146-629B-7036-1299145218E4}.Release|Any CPU.Build.0 = Release|Any CPU
		{D7AF0C18-20A8-06DB-CB63-CDBAE9EFA873}.Debug|Any CPU.ActiveCfg = Debug|Any CPU
		{D7AF0C18-20A8-06DB-CB63-CDBAE9EFA873}.Debug|Any CPU.Build.0 = Debug|Any CPU
		{D7AF0C18-20A8-06DB-CB63-CDBAE9EFA873}.Release|Any CPU.ActiveCfg = Release|Any CPU
		{D7AF0C18-20A8-06DB-CB63-CDBAE9EFA873}.Release|Any CPU.Build.0 = Release|Any CPU
	EndGlobalSection
	GlobalSection(SolutionProperties) = preSolution
		HideSolutionNode = FALSE
	EndGlobalSection
EndGlobal
